
Microsoft Visual Studio Solution File, Format Version 12.00
# Visual Studio Version 16
VisualStudioVersion = 16.0.32901.82
MinimumVisualStudioVersion = 10.0.40219.1
Project("{9A19103F-16F7-4668-BE54-9A1E7A4F7556}") = "TwilioIvr.Application", "TwilioIvr.Application\TwilioIvr.Application.csproj", "{1F930A38-6D9F-40DA-89C7-7AF80DC45279}"
EndProject
Project("{9A19103F-16F7-4668-BE54-9A1E7A4F7556}") = "TwilioIvr.Persistence", "TwilioIvr.Persistence\TwilioIvr.Persistence.csproj", "{B63585CD-4FD0-4083-8881-86FF509BBF94}"
EndProject
Project("{9A19103F-16F7-4668-BE54-9A1E7A4F7556}") = "TwilioIvr.Api", "TwilioIvr.Api\TwilioIvr.Api.csproj", "{33D4AC10-CBF4-4935-B1BE-D994A1809A66}"
EndProject
Global
	GlobalSection(SolutionConfigurationPlatforms) = preSolution
		Debug|Any CPU = Debug|Any CPU
		Release|Any CPU = Release|Any CPU
	EndGlobalSection
	GlobalSection(ProjectConfigurationPlatforms) = postSolution
		{1F930A38-6D9F-40DA-89C7-7AF80DC45279}.Debug|Any CPU.ActiveCfg = Debug|Any CPU
		{1F930A38-6D9F-40DA-89C7-7AF80DC45279}.Debug|Any CPU.Build.0 = Debug|Any CPU
		{1F930A38-6D9F-40DA-89C7-7AF80DC45279}.Release|Any CPU.ActiveCfg = Release|Any CPU
		{1F930A38-6D9F-40DA-89C7-7AF80DC45279}.Release|Any CPU.Build.0 = Release|Any CPU
		{B63585CD-4FD0-4083-8881-86FF509BBF94}.Debug|Any CPU.ActiveCfg = Debug|Any CPU
		{B63585CD-4FD0-4083-8881-86FF509BBF94}.Debug|Any CPU.Build.0 = Debug|Any CPU
		{B63585CD-4FD0-4083-8881-86FF509BBF94}.Release|Any CPU.ActiveCfg = Release|Any CPU
		{B63585CD-4FD0-4083-8881-86FF509BBF94}.Release|Any CPU.Build.0 = Release|Any CPU
		{33D4AC10-CBF4-4935-B1BE-D994A1809A66}.Debug|Any CPU.ActiveCfg = Debug|Any CPU
		{33D4AC10-CBF4-4935-B1BE-D994A1809A66}.Debug|Any CPU.Build.0 = Debug|Any CPU
		{33D4AC10-CBF4-4935-B1BE-D994A1809A66}.Release|Any CPU.ActiveCfg = Release|Any CPU
		{33D4AC10-CBF4-4935-B1BE-D994A1809A66}.Release|Any CPU.Build.0 = Release|Any CPU
	EndGlobalSection
	GlobalSection(SolutionProperties) = preSolution
		HideSolutionNode = FALSE
	EndGlobalSection
	GlobalSection(ExtensibilityGlobals) = postSolution
		SolutionGuid = {34C0322B-2703-4614-8DEE-1666A3212B8C}
	EndGlobalSection
EndGlobal
